
Microsoft Visual Studio Solution File, Format Version 12.00
Project("{FAE04EC0-301F-11D3-BF4B-00C04F79EFBC}") = "DirectoryService.Domain", "src\DirectoryService.Domain\DirectoryService.Domain.csproj", "{04403227-79BE-49AF-BEAF-538233A79FD3}"
EndProject
Project("{2150E333-8FDC-42A3-9474-1A3956D46DE8}") = "src", "src", "{D645A472-47D4-4232-9377-AB5622AB129F}"
EndProject
Project("{2150E333-8FDC-42A3-9474-1A3956D46DE8}") = "Solution Items", "Solution Items", "{DC6CDB10-664D-400E-9DBA-B3E4E3E1194F}"
	ProjectSection(SolutionItems) = preProject
		Directory.Build.props = Directory.Build.props
		.editorconfig = .editorconfig
	EndProjectSection
EndProject
Project("{FAE04EC0-301F-11D3-BF4B-00C04F79EFBC}") = "DirectoryService", "src\DirectoryService\DirectoryService.csproj", "{1C797922-0387-4216-89F7-6AF016AF8EF2}"
EndProject
Project("{FAE04EC0-301F-11D3-BF4B-00C04F79EFBC}") = "DirectoryService.Application", "src\DirectoryService.Application\DirectoryService.Application.csproj", "{DBD603D0-1C58-4363-9EA9-857DF5470D0B}"
EndProject
Project("{FAE04EC0-301F-11D3-BF4B-00C04F79EFBC}") = "DirectoryService.Infrastructure", "src\DirectoryService.Infrastructure\DirectoryService.Infrastructure.csproj", "{AE299AD2-6B30-41AE-9455-E5B0025A0975}"
EndProject
Project("{FAE04EC0-301F-11D3-BF4B-00C04F79EFBC}") = "DirectoryService.Contracts", "src\DirectoryService.Contracts\DirectoryService.Contracts.csproj", "{70505051-361E-409F-8224-B80757EDC039}"
EndProject
Project("{FAE04EC0-301F-11D3-BF4B-00C04F79EFBC}") = "DirectoryService.Presentation", "src\DirectoryService.Presentation\DirectoryService.Presentation.csproj", "{F754739F-70A2-4F56-BBAD-49B49256DC30}"
EndProject
Project("{FAE04EC0-301F-11D3-BF4B-00C04F79EFBC}") = "DirectoryService.Infrastructure.Postgres", "src\DirectoryService.Infrastructure.Postgres\DirectoryService.Infrastructure.Postgres.csproj", "{0221F8A8-211D-4A8F-BB26-04EFFAC270D6}"
EndProject
Global
	GlobalSection(SolutionConfigurationPlatforms) = preSolution
		Debug|Any CPU = Debug|Any CPU
		Release|Any CPU = Release|Any CPU
	EndGlobalSection
	GlobalSection(ProjectConfigurationPlatforms) = postSolution
		{04403227-79BE-49AF-BEAF-538233A79FD3}.Debug|Any CPU.ActiveCfg = Debug|Any CPU
		{04403227-79BE-49AF-BEAF-538233A79FD3}.Debug|Any CPU.Build.0 = Debug|Any CPU
		{04403227-79BE-49AF-BEAF-538233A79FD3}.Release|Any CPU.ActiveCfg = Release|Any CPU
		{04403227-79BE-49AF-BEAF-538233A79FD3}.Release|Any CPU.Build.0 = Release|Any CPU
		{1C797922-0387-4216-89F7-6AF016AF8EF2}.Debug|Any CPU.ActiveCfg = Debug|Any CPU
		{1C797922-0387-4216-89F7-6AF016AF8EF2}.Debug|Any CPU.Build.0 = Debug|Any CPU
		{1C797922-0387-4216-89F7-6AF016AF8EF2}.Release|Any CPU.ActiveCfg = Release|Any CPU
		{1C797922-0387-4216-89F7-6AF016AF8EF2}.Release|Any CPU.Build.0 = Release|Any CPU
		{DBD603D0-1C58-4363-9EA9-857DF5470D0B}.Debug|Any CPU.ActiveCfg = Debug|Any CPU
		{DBD603D0-1C58-4363-9EA9-857DF5470D0B}.Debug|Any CPU.Build.0 = Debug|Any CPU
		{DBD603D0-1C58-4363-9EA9-857DF5470D0B}.Release|Any CPU.ActiveCfg = Release|Any CPU
		{DBD603D0-1C58-4363-9EA9-857DF5470D0B}.Release|Any CPU.Build.0 = Release|Any CPU
		{AE299AD2-6B30-41AE-9455-E5B0025A0975}.Debug|Any CPU.ActiveCfg = Debug|Any CPU
		{AE299AD2-6B30-41AE-9455-E5B0025A0975}.Debug|Any CPU.Build.0 = Debug|Any CPU
		{AE299AD2-6B30-41AE-9455-E5B0025A0975}.Release|Any CPU.ActiveCfg = Release|Any CPU
		{AE299AD2-6B30-41AE-9455-E5B0025A0975}.Release|Any CPU.Build.0 = Release|Any CPU
		{70505051-361E-409F-8224-B80757EDC039}.Debug|Any CPU.ActiveCfg = Debug|Any CPU
		{70505051-361E-409F-8224-B80757EDC039}.Debug|Any CPU.Build.0 = Debug|Any CPU
		{70505051-361E-409F-8224-B80757EDC039}.Release|Any CPU.ActiveCfg = Release|Any CPU
		{70505051-361E-409F-8224-B80757EDC039}.Release|Any CPU.Build.0 = Release|Any CPU
		{F754739F-70A2-4F56-BBAD-49B49256DC30}.Debug|Any CPU.ActiveCfg = Debug|Any CPU
		{F754739F-70A2-4F56-BBAD-49B49256DC30}.Debug|Any CPU.Build.0 = Debug|Any CPU
		{F754739F-70A2-4F56-BBAD-49B49256DC30}.Release|Any CPU.ActiveCfg = Release|Any CPU
		{F754739F-70A2-4F56-BBAD-49B49256DC30}.Release|Any CPU.Build.0 = Release|Any CPU
		{0221F8A8-211D-4A8F-BB26-04EFFAC270D6}.Debug|Any CPU.ActiveCfg = Debug|Any CPU
		{0221F8A8-211D-4A8F-BB26-04EFFAC270D6}.Debug|Any CPU.Build.0 = Debug|Any CPU
		{0221F8A8-211D-4A8F-BB26-04EFFAC270D6}.Release|Any CPU.ActiveCfg = Release|Any CPU
		{0221F8A8-211D-4A8F-BB26-04EFFAC270D6}.Release|Any CPU.Build.0 = Release|Any CPU
	EndGlobalSection
	GlobalSection(NestedProjects) = preSolution
		{04403227-79BE-49AF-BEAF-538233A79FD3} = {D645A472-47D4-4232-9377-AB5622AB129F}
		{1C797922-0387-4216-89F7-6AF016AF8EF2} = {D645A472-47D4-4232-9377-AB5622AB129F}
		{DBD603D0-1C58-4363-9EA9-857DF5470D0B} = {D645A472-47D4-4232-9377-AB5622AB129F}
		{AE299AD2-6B30-41AE-9455-E5B0025A0975} = {D645A472-47D4-4232-9377-AB5622AB129F}
		{70505051-361E-409F-8224-B80757EDC039} = {D645A472-47D4-4232-9377-AB5622AB129F}
		{F754739F-70A2-4F56-BBAD-49B49256DC30} = {D645A472-47D4-4232-9377-AB5622AB129F}
		{0221F8A8-211D-4A8F-BB26-04EFFAC270D6} = {D645A472-47D4-4232-9377-AB5622AB129F}
	EndGlobalSection
EndGlobal
